// !$*UTF8*$!
{
	archiveVersion = 1;
	classes = {
	};
	objectVersion = 77;
	objects = {

/* Begin PBXBuildFile section */
		0273B63DA03CB27540882FA8 /* ProfileView.swift in Sources */ = {isa = PBXBuildFile; fileRef = 0C11692D7E5CBC2E025C539B /* ProfileView.swift */; };
		12CF08E480ED41F58CDCBCF6 /* GeminiService.swift in Sources */ = {isa = PBXBuildFile; fileRef = 8566AC9CBE07C8984205CE41 /* GeminiService.swift */; };
		150D1CD1057464A82FA62615 /* SupabaseManager.swift in Sources */ = {isa = PBXBuildFile; fileRef = 6C0D346C4374A326401CC0A5 /* SupabaseManager.swift */; };
		18C56094D76E7FA238BD2092 /* NoteEditorViewModel.swift in Sources */ = {isa = PBXBuildFile; fileRef = C0C04EBCAD437E02EFD1D647 /* NoteEditorViewModel.swift */; };
		1C923B20639CE7BACA85204B /* RichTextEditor.swift in Sources */ = {isa = PBXBuildFile; fileRef = 05F2EAD3D2543558DD2AF681 /* RichTextEditor.swift */; };
		230B3F0AD4DD5EF8FF1A5A2C /* UserProfile.swift in Sources */ = {isa = PBXBuildFile; fileRef = C2DEEF47B506C0B22508938C /* UserProfile.swift */; };
		2C5A216843343AEE594A3341 /* AuthViewModel.swift in Sources */ = {isa = PBXBuildFile; fileRef = 902DC556D14D0FCC307A1076 /* AuthViewModel.swift */; };
		2D8EACC6A0E7EB62701DD131 /* TagInputView.swift in Sources */ = {isa = PBXBuildFile; fileRef = DA4A2EADDC3907013DA0C2D4 /* TagInputView.swift */; };
		33F15DDC2BD7946E8EEA4070 /* FolderService.swift in Sources */ = {isa = PBXBuildFile; fileRef = 810465B95DACDDE925657D62 /* FolderService.swift */; };
		488A111958E1785D481AF54B /* SyncEngine.swift in Sources */ = {isa = PBXBuildFile; fileRef = EB1FC22C4897FAAE8EC97821 /* SyncEngine.swift */; };
		52034480556ECAF0BC41CEFA /* NoteService.swift in Sources */ = {isa = PBXBuildFile; fileRef = 87A748632D16E20C6F4A2D37 /* NoteService.swift */; };
		5D67EBFE6272B94B0A802236 /* AIAssistantView.swift in Sources */ = {isa = PBXBuildFile; fileRef = 45F8B1BEA33BAC7B19B1EF10 /* AIAssistantView.swift */; };
		6A830F8B4EBC7A945C228969 /* Extensions.swift in Sources */ = {isa = PBXBuildFile; fileRef = D27BFEDBBC15F50570704221 /* Extensions.swift */; };
		6BBB60CCC83FCD4C9CD3CA92 /* GlobalNotesApp.swift in Sources */ = {isa = PBXBuildFile; fileRef = 9CF7C93D627648DC7C5ADEF0 /* GlobalNotesApp.swift */; };
		75E7CC586DF3A68AF682BE7F /* FormattingToolbar.swift in Sources */ = {isa = PBXBuildFile; fileRef = FAC538F2255BF3D13B5F8802 /* FormattingToolbar.swift */; };
		8CEFBFB26B89DE9B8D7BDA2A /* Folder.swift in Sources */ = {isa = PBXBuildFile; fileRef = 4E442C1113D5B6BF0D9C6E66 /* Folder.swift */; };
		8D039183F7C873F4049D6B09 /* MainAppView.swift in Sources */ = {isa = PBXBuildFile; fileRef = EE0B47D87713B5DDFD8A4A5F /* MainAppView.swift */; };
		97F232C160EFA3808D3BFEEB /* Supabase in Frameworks */ = {isa = PBXBuildFile; productRef = 051B23CC740CC565B901F927 /* Supabase */; };
		9B9D58FDD309AECBD380742F /* ThemePicker.swift in Sources */ = {isa = PBXBuildFile; fileRef = 3D01E338E23A0DDB7D1AED44 /* ThemePicker.swift */; };
		A2BAE7A1BCB630AEDBC9B999 /* ExportService.swift in Sources */ = {isa = PBXBuildFile; fileRef = F577BA3E78D73FB6D70F27F2 /* ExportService.swift */; };
		A9CEF278AFA75A4C9701843C /* AuthService.swift in Sources */ = {isa = PBXBuildFile; fileRef = 4FDAB2535B4372F77492A92E /* AuthService.swift */; };
		AA38E0CBC1416A589276BFFB /* HTMLConverter.swift in Sources */ = {isa = PBXBuildFile; fileRef = BC8B529A0A218F901F85E850 /* HTMLConverter.swift */; };
		AD22F9C68ADCBD8153A34555 /* SettingsView.swift in Sources */ = {isa = PBXBuildFile; fileRef = 75243E714052EBE27B2FAE7E /* SettingsView.swift */; };
		B4B5BB958F3B4BF86E4DC658 /* Assets.xcassets in Resources */ = {isa = PBXBuildFile; fileRef = 79F4510BD1BA41B3ACE23D56 /* Assets.xcassets */; };
		AABB00112233445566778899 /* Config.plist in Resources */ = {isa = PBXBuildFile; fileRef = AABB00112233445566778800 /* Config.plist */; };
		B7FD81042701D6E7CDEAA499 /* NotesListViewModel.swift in Sources */ = {isa = PBXBuildFile; fileRef = 00D405D4B57564D0A44403D5 /* NotesListViewModel.swift */; };
		B84DC501F9E7B38C97D38A90 /* FoldersSidebarView.swift in Sources */ = {isa = PBXBuildFile; fileRef = 66E1C9DD21DE652F5169568C /* FoldersSidebarView.swift */; };
		BC83F33F278D591244C70E2F /* Note.swift in Sources */ = {isa = PBXBuildFile; fileRef = 3271194C2AF9AAD9BEE1CF2A /* Note.swift */; };
		C44525FF30012A9F9E5389BE /* FoldersViewModel.swift in Sources */ = {isa = PBXBuildFile; fileRef = B1C6FFC3FB0C8283E17A0CBA /* FoldersViewModel.swift */; };
		CEEBDFA5CB4DEAE38935B1A3 /* ContentView.swift in Sources */ = {isa = PBXBuildFile; fileRef = 1C8667C615A5DB1729C201AF /* ContentView.swift */; };
		D17BACA10BD340885C3ECE3F /* Constants.swift in Sources */ = {isa = PBXBuildFile; fileRef = 83C8FBFB3582AF9BEFB8D086 /* Constants.swift */; };
		D6B348CD26E75B30C226D564 /* FolderRowView.swift in Sources */ = {isa = PBXBuildFile; fileRef = E72B63B1DE0B392CAFD27853 /* FolderRowView.swift */; };
		DA1BEA5F3D35A03AA99D7414 /* ProfileViewModel.swift in Sources */ = {isa = PBXBuildFile; fileRef = 02344520259BD6AF8DE2BB16 /* ProfileViewModel.swift */; };
		E9EE58F64265AE0A44961BFC /* NotesListView.swift in Sources */ = {isa = PBXBuildFile; fileRef = E5DA13D8301361860AF259E8 /* NotesListView.swift */; };
		EBF7C1CA96F3317605FC8B3B /* NoteRowView.swift in Sources */ = {isa = PBXBuildFile; fileRef = 4B2216CF1F79E16680520388 /* NoteRowView.swift */; };
		F0214A41303B62088BCDE0A8 /* LoginView.swift in Sources */ = {isa = PBXBuildFile; fileRef = B08C09D5AA1588C89FEEB2F5 /* LoginView.swift */; };
		FBFDC920D88B9AFD4E500052 /* HapticManager.swift in Sources */ = {isa = PBXBuildFile; fileRef = 2BC659F70936C78D7AE5C32F /* HapticManager.swift */; };
		A1B2C3D4E5F60718 /* NetworkMonitor.swift in Sources */ = {isa = PBXBuildFile; fileRef = A1B2C3D4E5F60719 /* NetworkMonitor.swift */; };
		FF97916DB33F47C1566C650B /* NoteEditorView.swift in Sources */ = {isa = PBXBuildFile; fileRef = 93F9603A7C5A36BC01F15401 /* NoteEditorView.swift */; };
		34CCBD4349D23CB8302B31A2 /* AppThemeView.swift in Sources */ = {isa = PBXBuildFile; fileRef = E0CCC9DB17959F735575EB0E /* AppThemeView.swift */; };
		B3EE344EB709CC8453743B2C /* AppTheme.swift in Sources */ = {isa = PBXBuildFile; fileRef = C975179C4D6737450967D6AE /* AppTheme.swift */; };
		3E28F72BECB813AFF19D538F /* AttachmentService.swift in Sources */ = {isa = PBXBuildFile; fileRef = AA1A31D0382A4B4EC0764B7B /* AttachmentService.swift */; };
		6BA339B6E533E009D4281EE0 /* AudioRecorderView.swift in Sources */ = {isa = PBXBuildFile; fileRef = BF74F3C9EF5A8A71A110FDA7 /* AudioRecorderView.swift */; };
		64DA2DBF3B960A099663183E /* AudioRecorderService.swift in Sources */ = {isa = PBXBuildFile; fileRef = 4D697CB58FC73EB731CCCB1A /* AudioRecorderService.swift */; };
		49510CC9A319CE00F75A1973 /* CalendarViewModel.swift in Sources */ = {isa = PBXBuildFile; fileRef = CBD414DA9C325E6EE5BEC948 /* CalendarViewModel.swift */; };
		302BB5F97353C4BD25ED957E /* ChatMessage.swift in Sources */ = {isa = PBXBuildFile; fileRef = 106FD384DA8F489CB51CB303 /* ChatMessage.swift */; };
		81870A805835BF07238943A0 /* CodeAIAssistantView.swift in Sources */ = {isa = PBXBuildFile; fileRef = 08BCB858A99BCECC56BB9E86 /* CodeAIAssistantView.swift */; };
		3A02E76EA86B7DA4D9467212 /* CodeSnippet.swift in Sources */ = {isa = PBXBuildFile; fileRef = 4161F865C315D4036A4CF4B7 /* CodeSnippet.swift */; };
		1874DC237DF9208082F9F4EC /* CodeWorkspaceView.swift in Sources */ = {isa = PBXBuildFile; fileRef = B9E26D07C59C6454F676A3D6 /* CodeWorkspaceView.swift */; };
		04870BE6A68E5ABF9FD5833A /* CodeWorkspaceViewModel.swift in Sources */ = {isa = PBXBuildFile; fileRef = 62F23089EC41E9081342D919 /* CodeWorkspaceViewModel.swift */; };
		D1234995970520A2871EDE53 /* CustomTagCreatorView.swift in Sources */ = {isa = PBXBuildFile; fileRef = 73550916203849D672121F87 /* CustomTagCreatorView.swift */; };
		75CC294BB873A871D63B3B9B /* FilePickerView.swift in Sources */ = {isa = PBXBuildFile; fileRef = 9EBED30C6299C5B05F255D4A /* FilePickerView.swift */; };
		EF42982E7EBBE95DC6040FEF /* LanguageMap.swift in Sources */ = {isa = PBXBuildFile; fileRef = 40D81E44948CD21C22F34581 /* LanguageMap.swift */; };
		7ABE07177F247A8489030CDB /* MailGeneratorView.swift in Sources */ = {isa = PBXBuildFile; fileRef = 76005B6944429AEC3F9A79A6 /* MailGeneratorView.swift */; };
		B2F65F9AF6C0C16A5435A6EF /* MailGeneratorViewModel.swift in Sources */ = {isa = PBXBuildFile; fileRef = A919A683C12796AC26248837 /* MailGeneratorViewModel.swift */; };
		FE25D7B382FB4EA4A3227954 /* MediaPickerView.swift in Sources */ = {isa = PBXBuildFile; fileRef = 06EBAA0372FADFD72F580602 /* MediaPickerView.swift */; };
		CF1A223D80D62A521C8ABD8A /* ShareNoteView.swift in Sources */ = {isa = PBXBuildFile; fileRef = 29BEEA66777E0204E38666C5 /* ShareNoteView.swift */; };
		AAF496A9ECF1E712BA6D8B4F /* ShapesPickerView.swift in Sources */ = {isa = PBXBuildFile; fileRef = 89F79C36FADC97834F6DDCC6 /* ShapesPickerView.swift */; };
		A5D07183A32EADD2E9D7A1F8 /* SketchPadView.swift in Sources */ = {isa = PBXBuildFile; fileRef = 0FA1F7D271D0D05DA42E61D5 /* SketchPadView.swift */; };
		9E6F8B03FEDDA0EAAEC81CBF /* SlashCommandMenu.swift in Sources */ = {isa = PBXBuildFile; fileRef = 4408F08E3F0C5A7E4D8DA818 /* SlashCommandMenu.swift */; };
		2D8C2FF3787D46F941A1D13B /* SmartCalendarView.swift in Sources */ = {isa = PBXBuildFile; fileRef = 78EB81EC18FAB37B46E734C2 /* SmartCalendarView.swift */; };
		F4CFD77B812E18427B2E4B19 /* SyntaxHighlighter.swift in Sources */ = {isa = PBXBuildFile; fileRef = 4D572FB2598E9838A8547EB3 /* SyntaxHighlighter.swift */; };
		3D4DABF85655452724D9C518 /* TableInsertionView.swift in Sources */ = {isa = PBXBuildFile; fileRef = 3669E20781F0DC21E43A89D8 /* TableInsertionView.swift */; };
		T00000000000000000000011 /* AttachmentServiceTests.swift in Sources */ = {isa = PBXBuildFile; fileRef = T00000000000000000000001 /* AttachmentServiceTests.swift */; };
		T00000000000000000000012 /* AudioRecorderServiceTests.swift in Sources */ = {isa = PBXBuildFile; fileRef = T00000000000000000000002 /* AudioRecorderServiceTests.swift */; };
		T00000000000000000000013 /* AppThemeTests.swift in Sources */ = {isa = PBXBuildFile; fileRef = T00000000000000000000003 /* AppThemeTests.swift */; };
		T00000000000000000000014 /* LanguageMapTests.swift in Sources */ = {isa = PBXBuildFile; fileRef = T00000000000000000000004 /* LanguageMapTests.swift */; };
		T00000000000000000000015 /* CalendarViewModelTests.swift in Sources */ = {isa = PBXBuildFile; fileRef = T00000000000000000000005 /* CalendarViewModelTests.swift */; };
		T00000000000000000000016 /* MailGeneratorViewModelTests.swift in Sources */ = {isa = PBXBuildFile; fileRef = T00000000000000000000006 /* MailGeneratorViewModelTests.swift */; };
		T00000000000000000000017 /* ChatMessageTests.swift in Sources */ = {isa = PBXBuildFile; fileRef = T00000000000000000000007 /* ChatMessageTests.swift */; };
		T00000000000000000000018 /* SyntaxHighlighterTests.swift in Sources */ = {isa = PBXBuildFile; fileRef = T00000000000000000000008 /* SyntaxHighlighterTests.swift */; };
		T00000000000000000000019 /* SlashCommandTests.swift in Sources */ = {isa = PBXBuildFile; fileRef = T00000000000000000000009 /* SlashCommandTests.swift */; };
		T0000000000000000000001A /* CodeWorkspaceViewModelTests.swift in Sources */ = {isa = PBXBuildFile; fileRef = T0000000000000000000000A /* CodeWorkspaceViewModelTests.swift */; };
		T0000000000000000000001B /* ViewInstantiationTests.swift in Sources */ = {isa = PBXBuildFile; fileRef = T0000000000000000000000B /* ViewInstantiationTests.swift */; };
/* End PBXBuildFile section */

/* Begin PBXContainerItemProxy section */
		T00000000000000000000029 /* PBXContainerItemProxy */ = {
			isa = PBXContainerItemProxy;
			containerPortal = B2B436195B5A3028591B1588 /* Project object */;
			proxyType = 1;
			remoteGlobalIDString = AA9C4C70A2A467B6FD422160;
			remoteInfo = GlobalNotes;
		};
/* End PBXContainerItemProxy section */

/* Begin PBXFileReference section */
		AABB00112233445566778800 /* Config.plist */ = {isa = PBXFileReference; lastKnownFileType = text.plist.xml; path = Config.plist; sourceTree = "<group>"; };
		00D405D4B57564D0A44403D5 /* NotesListViewModel.swift */ = {isa = PBXFileReference; lastKnownFileType = sourcecode.swift; path = NotesListViewModel.swift; sourceTree = "<group>"; };
		02344520259BD6AF8DE2BB16 /* ProfileViewModel.swift */ = {isa = PBXFileReference; lastKnownFileType = sourcecode.swift; path = ProfileViewModel.swift; sourceTree = "<group>"; };
		05F2EAD3D2543558DD2AF681 /* RichTextEditor.swift */ = {isa = PBXFileReference; lastKnownFileType = sourcecode.swift; path = RichTextEditor.swift; sourceTree = "<group>"; };
		0C11692D7E5CBC2E025C539B /* ProfileView.swift */ = {isa = PBXFileReference; lastKnownFileType = sourcecode.swift; path = ProfileView.swift; sourceTree = "<group>"; };
		1C8667C615A5DB1729C201AF /* ContentView.swift */ = {isa = PBXFileReference; lastKnownFileType = sourcecode.swift; path = ContentView.swift; sourceTree = "<group>"; };
		2BC659F70936C78D7AE5C32F /* HapticManager.swift */ = {isa = PBXFileReference; lastKnownFileType = sourcecode.swift; path = HapticManager.swift; sourceTree = "<group>"; };
		A1B2C3D4E5F60719 /* NetworkMonitor.swift */ = {isa = PBXFileReference; lastKnownFileType = sourcecode.swift; path = NetworkMonitor.swift; sourceTree = "<group>"; };
		3271194C2AF9AAD9BEE1CF2A /* Note.swift */ = {isa = PBXFileReference; lastKnownFileType = sourcecode.swift; path = Note.swift; sourceTree = "<group>"; };
		3D01E338E23A0DDB7D1AED44 /* ThemePicker.swift */ = {isa = PBXFileReference; lastKnownFileType = sourcecode.swift; path = ThemePicker.swift; sourceTree = "<group>"; };
		45F8B1BEA33BAC7B19B1EF10 /* AIAssistantView.swift */ = {isa = PBXFileReference; lastKnownFileType = sourcecode.swift; path = AIAssistantView.swift; sourceTree = "<group>"; };
		4B2216CF1F79E16680520388 /* NoteRowView.swift */ = {isa = PBXFileReference; lastKnownFileType = sourcecode.swift; path = NoteRowView.swift; sourceTree = "<group>"; };
		4E442C1113D5B6BF0D9C6E66 /* Folder.swift */ = {isa = PBXFileReference; lastKnownFileType = sourcecode.swift; path = Folder.swift; sourceTree = "<group>"; };
		4FDAB2535B4372F77492A92E /* AuthService.swift */ = {isa = PBXFileReference; lastKnownFileType = sourcecode.swift; path = AuthService.swift; sourceTree = "<group>"; };
		66E1C9DD21DE652F5169568C /* FoldersSidebarView.swift */ = {isa = PBXFileReference; lastKnownFileType = sourcecode.swift; path = FoldersSidebarView.swift; sourceTree = "<group>"; };
		6C0D346C4374A326401CC0A5 /* SupabaseManager.swift */ = {isa = PBXFileReference; lastKnownFileType = sourcecode.swift; path = SupabaseManager.swift; sourceTree = "<group>"; };
		75243E714052EBE27B2FAE7E /* SettingsView.swift */ = {isa = PBXFileReference; lastKnownFileType = sourcecode.swift; path = SettingsView.swift; sourceTree = "<group>"; };
		79F4510BD1BA41B3ACE23D56 /* Assets.xcassets */ = {isa = PBXFileReference; lastKnownFileType = folder.assetcatalog; path = Assets.xcassets; sourceTree = "<group>"; };
		810465B95DACDDE925657D62 /* FolderService.swift */ = {isa = PBXFileReference; lastKnownFileType = sourcecode.swift; path = FolderService.swift; sourceTree = "<group>"; };
		83C8FBFB3582AF9BEFB8D086 /* Constants.swift */ = {isa = PBXFileReference; lastKnownFileType = sourcecode.swift; path = Constants.swift; sourceTree = "<group>"; };
		8566AC9CBE07C8984205CE41 /* GeminiService.swift */ = {isa = PBXFileReference; lastKnownFileType = sourcecode.swift; path = GeminiService.swift; sourceTree = "<group>"; };
		87A748632D16E20C6F4A2D37 /* NoteService.swift */ = {isa = PBXFileReference; lastKnownFileType = sourcecode.swift; path = NoteService.swift; sourceTree = "<group>"; };
		8B814D8F98A38E7F9EF130CB /* Info.plist */ = {isa = PBXFileReference; lastKnownFileType = text.plist; path = Info.plist; sourceTree = "<group>"; };
		902DC556D14D0FCC307A1076 /* AuthViewModel.swift */ = {isa = PBXFileReference; lastKnownFileType = sourcecode.swift; path = AuthViewModel.swift; sourceTree = "<group>"; };
		93F9603A7C5A36BC01F15401 /* NoteEditorView.swift */ = {isa = PBXFileReference; lastKnownFileType = sourcecode.swift; path = NoteEditorView.swift; sourceTree = "<group>"; };
		9CF7C93D627648DC7C5ADEF0 /* GlobalNotesApp.swift */ = {isa = PBXFileReference; lastKnownFileType = sourcecode.swift; path = GlobalNotesApp.swift; sourceTree = "<group>"; };
		A70D3BB72F9CD8D65565FF89 /* GlobalNotes.app */ = {isa = PBXFileReference; includeInIndex = 0; lastKnownFileType = wrapper.application; path = GlobalNotes.app; sourceTree = BUILT_PRODUCTS_DIR; };
		B08C09D5AA1588C89FEEB2F5 /* LoginView.swift */ = {isa = PBXFileReference; lastKnownFileType = sourcecode.swift; path = LoginView.swift; sourceTree = "<group>"; };
		B1C6FFC3FB0C8283E17A0CBA /* FoldersViewModel.swift */ = {isa = PBXFileReference; lastKnownFileType = sourcecode.swift; path = FoldersViewModel.swift; sourceTree = "<group>"; };
		BC8B529A0A218F901F85E850 /* HTMLConverter.swift */ = {isa = PBXFileReference; lastKnownFileType = sourcecode.swift; path = HTMLConverter.swift; sourceTree = "<group>"; };
		C0C04EBCAD437E02EFD1D647 /* NoteEditorViewModel.swift */ = {isa = PBXFileReference; lastKnownFileType = sourcecode.swift; path = NoteEditorViewModel.swift; sourceTree = "<group>"; };
		C2DEEF47B506C0B22508938C /* UserProfile.swift */ = {isa = PBXFileReference; lastKnownFileType = sourcecode.swift; path = UserProfile.swift; sourceTree = "<group>"; };
		D27BFEDBBC15F50570704221 /* Extensions.swift */ = {isa = PBXFileReference; lastKnownFileType = sourcecode.swift; path = Extensions.swift; sourceTree = "<group>"; };
		DA4A2EADDC3907013DA0C2D4 /* TagInputView.swift */ = {isa = PBXFileReference; lastKnownFileType = sourcecode.swift; path = TagInputView.swift; sourceTree = "<group>"; };
		E5DA13D8301361860AF259E8 /* NotesListView.swift */ = {isa = PBXFileReference; lastKnownFileType = sourcecode.swift; path = NotesListView.swift; sourceTree = "<group>"; };
		E72B63B1DE0B392CAFD27853 /* FolderRowView.swift */ = {isa = PBXFileReference; lastKnownFileType = sourcecode.swift; path = FolderRowView.swift; sourceTree = "<group>"; };
		EB1FC22C4897FAAE8EC97821 /* SyncEngine.swift */ = {isa = PBXFileReference; lastKnownFileType = sourcecode.swift; path = SyncEngine.swift; sourceTree = "<group>"; };
		EE0B47D87713B5DDFD8A4A5F /* MainAppView.swift */ = {isa = PBXFileReference; lastKnownFileType = sourcecode.swift; path = MainAppView.swift; sourceTree = "<group>"; };
		F577BA3E78D73FB6D70F27F2 /* ExportService.swift */ = {isa = PBXFileReference; lastKnownFileType = sourcecode.swift; path = ExportService.swift; sourceTree = "<group>"; };
		FAC538F2255BF3D13B5F8802 /* FormattingToolbar.swift */ = {isa = PBXFileReference; lastKnownFileType = sourcecode.swift; path = FormattingToolbar.swift; sourceTree = "<group>"; };
		E0CCC9DB17959F735575EB0E /* AppThemeView.swift */ = {isa = PBXFileReference; lastKnownFileType = sourcecode.swift; path = AppThemeView.swift; sourceTree = "<group>"; };
		C975179C4D6737450967D6AE /* AppTheme.swift */ = {isa = PBXFileReference; lastKnownFileType = sourcecode.swift; path = AppTheme.swift; sourceTree = "<group>"; };
		AA1A31D0382A4B4EC0764B7B /* AttachmentService.swift */ = {isa = PBXFileReference; lastKnownFileType = sourcecode.swift; path = AttachmentService.swift; sourceTree = "<group>"; };
		BF74F3C9EF5A8A71A110FDA7 /* AudioRecorderView.swift */ = {isa = PBXFileReference; lastKnownFileType = sourcecode.swift; path = AudioRecorderView.swift; sourceTree = "<group>"; };
		4D697CB58FC73EB731CCCB1A /* AudioRecorderService.swift */ = {isa = PBXFileReference; lastKnownFileType = sourcecode.swift; path = AudioRecorderService.swift; sourceTree = "<group>"; };
		CBD414DA9C325E6EE5BEC948 /* CalendarViewModel.swift */ = {isa = PBXFileReference; lastKnownFileType = sourcecode.swift; path = CalendarViewModel.swift; sourceTree = "<group>"; };
		106FD384DA8F489CB51CB303 /* ChatMessage.swift */ = {isa = PBXFileReference; lastKnownFileType = sourcecode.swift; path = ChatMessage.swift; sourceTree = "<group>"; };
		08BCB858A99BCECC56BB9E86 /* CodeAIAssistantView.swift */ = {isa = PBXFileReference; lastKnownFileType = sourcecode.swift; path = CodeAIAssistantView.swift; sourceTree = "<group>"; };
		4161F865C315D4036A4CF4B7 /* CodeSnippet.swift */ = {isa = PBXFileReference; lastKnownFileType = sourcecode.swift; path = CodeSnippet.swift; sourceTree = "<group>"; };
		B9E26D07C59C6454F676A3D6 /* CodeWorkspaceView.swift */ = {isa = PBXFileReference; lastKnownFileType = sourcecode.swift; path = CodeWorkspaceView.swift; sourceTree = "<group>"; };
		62F23089EC41E9081342D919 /* CodeWorkspaceViewModel.swift */ = {isa = PBXFileReference; lastKnownFileType = sourcecode.swift; path = CodeWorkspaceViewModel.swift; sourceTree = "<group>"; };
		73550916203849D672121F87 /* CustomTagCreatorView.swift */ = {isa = PBXFileReference; lastKnownFileType = sourcecode.swift; path = CustomTagCreatorView.swift; sourceTree = "<group>"; };
		9EBED30C6299C5B05F255D4A /* FilePickerView.swift */ = {isa = PBXFileReference; lastKnownFileType = sourcecode.swift; path = FilePickerView.swift; sourceTree = "<group>"; };
		40D81E44948CD21C22F34581 /* LanguageMap.swift */ = {isa = PBXFileReference; lastKnownFileType = sourcecode.swift; path = LanguageMap.swift; sourceTree = "<group>"; };
		76005B6944429AEC3F9A79A6 /* MailGeneratorView.swift */ = {isa = PBXFileReference; lastKnownFileType = sourcecode.swift; path = MailGeneratorView.swift; sourceTree = "<group>"; };
		A919A683C12796AC26248837 /* MailGeneratorViewModel.swift */ = {isa = PBXFileReference; lastKnownFileType = sourcecode.swift; path = MailGeneratorViewModel.swift; sourceTree = "<group>"; };
		06EBAA0372FADFD72F580602 /* MediaPickerView.swift */ = {isa = PBXFileReference; lastKnownFileType = sourcecode.swift; path = MediaPickerView.swift; sourceTree = "<group>"; };
		29BEEA66777E0204E38666C5 /* ShareNoteView.swift */ = {isa = PBXFileReference; lastKnownFileType = sourcecode.swift; path = ShareNoteView.swift; sourceTree = "<group>"; };
		89F79C36FADC97834F6DDCC6 /* ShapesPickerView.swift */ = {isa = PBXFileReference; lastKnownFileType = sourcecode.swift; path = ShapesPickerView.swift; sourceTree = "<group>"; };
		0FA1F7D271D0D05DA42E61D5 /* SketchPadView.swift */ = {isa = PBXFileReference; lastKnownFileType = sourcecode.swift; path = SketchPadView.swift; sourceTree = "<group>"; };
		4408F08E3F0C5A7E4D8DA818 /* SlashCommandMenu.swift */ = {isa = PBXFileReference; lastKnownFileType = sourcecode.swift; path = SlashCommandMenu.swift; sourceTree = "<group>"; };
		78EB81EC18FAB37B46E734C2 /* SmartCalendarView.swift */ = {isa = PBXFileReference; lastKnownFileType = sourcecode.swift; path = SmartCalendarView.swift; sourceTree = "<group>"; };
		4D572FB2598E9838A8547EB3 /* SyntaxHighlighter.swift */ = {isa = PBXFileReference; lastKnownFileType = sourcecode.swift; path = SyntaxHighlighter.swift; sourceTree = "<group>"; };
		3669E20781F0DC21E43A89D8 /* TableInsertionView.swift */ = {isa = PBXFileReference; lastKnownFileType = sourcecode.swift; path = TableInsertionView.swift; sourceTree = "<group>"; };
		T00000000000000000000001 /* AttachmentServiceTests.swift */ = {isa = PBXFileReference; lastKnownFileType = sourcecode.swift; path = AttachmentServiceTests.swift; sourceTree = "<group>"; };
		T00000000000000000000002 /* AudioRecorderServiceTests.swift */ = {isa = PBXFileReference; lastKnownFileType = sourcecode.swift; path = AudioRecorderServiceTests.swift; sourceTree = "<group>"; };
		T00000000000000000000003 /* AppThemeTests.swift */ = {isa = PBXFileReference; lastKnownFileType = sourcecode.swift; path = AppThemeTests.swift; sourceTree = "<group>"; };
		T00000000000000000000004 /* LanguageMapTests.swift */ = {isa = PBXFileReference; lastKnownFileType = sourcecode.swift; path = LanguageMapTests.swift; sourceTree = "<group>"; };
		T00000000000000000000005 /* CalendarViewModelTests.swift */ = {isa = PBXFileReference; lastKnownFileType = sourcecode.swift; path = CalendarViewModelTests.swift; sourceTree = "<group>"; };
		T00000000000000000000006 /* MailGeneratorViewModelTests.swift */ = {isa = PBXFileReference; lastKnownFileType = sourcecode.swift; path = MailGeneratorViewModelTests.swift; sourceTree = "<group>"; };
		T00000000000000000000007 /* ChatMessageTests.swift */ = {isa = PBXFileReference; lastKnownFileType = sourcecode.swift; path = ChatMessageTests.swift; sourceTree = "<group>"; };
		T00000000000000000000008 /* SyntaxHighlighterTests.swift */ = {isa = PBXFileReference; lastKnownFileType = sourcecode.swift; path = SyntaxHighlighterTests.swift; sourceTree = "<group>"; };
		T00000000000000000000009 /* SlashCommandTests.swift */ = {isa = PBXFileReference; lastKnownFileType = sourcecode.swift; path = SlashCommandTests.swift; sourceTree = "<group>"; };
		T0000000000000000000000A /* CodeWorkspaceViewModelTests.swift */ = {isa = PBXFileReference; lastKnownFileType = sourcecode.swift; path = CodeWorkspaceViewModelTests.swift; sourceTree = "<group>"; };
		T0000000000000000000000B /* ViewInstantiationTests.swift */ = {isa = PBXFileReference; lastKnownFileType = sourcecode.swift; path = ViewInstantiationTests.swift; sourceTree = "<group>"; };
		T00000000000000000000021 /* GlobalNotesTests.xctest */ = {isa = PBXFileReference; explicitFileType = wrapper.cfbundle; includeInIndex = 0; path = GlobalNotesTests.xctest; sourceTree = BUILT_PRODUCTS_DIR; };
/* End PBXFileReference section */

/* Begin PBXFrameworksBuildPhase section */
		36DFD5DF54924AA4628BD53D /* Frameworks */ = {
			isa = PBXFrameworksBuildPhase;
			buildActionMask = 2147483647;
			files = (
				97F232C160EFA3808D3BFEEB /* Supabase in Frameworks */,
			);
			runOnlyForDeploymentPostprocessing = 0;
		};
		T00000000000000000000024 /* Frameworks */ = {
			isa = PBXFrameworksBuildPhase;
			buildActionMask = 2147483647;
			files = (
			);
			runOnlyForDeploymentPostprocessing = 0;
		};
/* End PBXFrameworksBuildPhase section */

/* Begin PBXGroup section */
		07C739879B59C6BF33F8D4A6 /* Utilities */ = {
			isa = PBXGroup;
			children = (
				C975179C4D6737450967D6AE /* AppTheme.swift */,
				83C8FBFB3582AF9BEFB8D086 /* Constants.swift */,
				D27BFEDBBC15F50570704221 /* Extensions.swift */,
				2BC659F70936C78D7AE5C32F /* HapticManager.swift */,
				A1B2C3D4E5F60719 /* NetworkMonitor.swift */,
				40D81E44948CD21C22F34581 /* LanguageMap.swift */,
			);
			path = Utilities;
			sourceTree = "<group>";
		};
		11FA870BBAE2FB482ED7F5DC /* Settings */ = {
			isa = PBXGroup;
			children = (
				75243E714052EBE27B2FAE7E /* SettingsView.swift */,
			);
			path = Settings;
			sourceTree = "<group>";
		};
		362B06900BE0CEFDE39E2C82 /* Folders */ = {
			isa = PBXGroup;
			children = (
				E72B63B1DE0B392CAFD27853 /* FolderRowView.swift */,
				66E1C9DD21DE652F5169568C /* FoldersSidebarView.swift */,
			);
			path = Folders;
			sourceTree = "<group>";
		};
		3812462658DEE13703C620CC /* AI */ = {
			isa = PBXGroup;
			children = (
				45F8B1BEA33BAC7B19B1EF10 /* AIAssistantView.swift */,
			);
			path = AI;
			sourceTree = "<group>";
		};
		4ABB50FC584E98FF28974556 /* Notes */ = {
			isa = PBXGroup;
			children = (
				EE0B47D87713B5DDFD8A4A5F /* MainAppView.swift */,
				93F9603A7C5A36BC01F15401 /* NoteEditorView.swift */,
				4B2216CF1F79E16680520388 /* NoteRowView.swift */,
				E5DA13D8301361860AF259E8 /* NotesListView.swift */,
			);
			path = Notes;
			sourceTree = "<group>";
		};
		5BF02FEAF423CC1B565D421A /* Components */ = {
			isa = PBXGroup;
			children = (
				E0CCC9DB17959F735575EB0E /* AppThemeView.swift */,
				73550916203849D672121F87 /* CustomTagCreatorView.swift */,
				9EBED30C6299C5B05F255D4A /* FilePickerView.swift */,
				FAC538F2255BF3D13B5F8802 /* FormattingToolbar.swift */,
				06EBAA0372FADFD72F580602 /* MediaPickerView.swift */,
				05F2EAD3D2543558DD2AF681 /* RichTextEditor.swift */,
				29BEEA66777E0204E38666C5 /* ShareNoteView.swift */,
				89F79C36FADC97834F6DDCC6 /* ShapesPickerView.swift */,
				4408F08E3F0C5A7E4D8DA818 /* SlashCommandMenu.swift */,
				3669E20781F0DC21E43A89D8 /* TableInsertionView.swift */,
				DA4A2EADDC3907013DA0C2D4 /* TagInputView.swift */,
				3D01E338E23A0DDB7D1AED44 /* ThemePicker.swift */,
			);
			path = Components;
			sourceTree = "<group>";
		};
		60AD2CD5A7DBDFF863B32B55 = {
			isa = PBXGroup;
			children = (
				6CEE11378A728452FB9BBED2 /* GlobalNotes */,
				T00000000000000000000020 /* GlobalNotesTests */,
				AADDDE9D85C7AF3E86422068 /* Products */,
			);
			sourceTree = "<group>";
		};
		6CEE11378A728452FB9BBED2 /* GlobalNotes */ = {
			isa = PBXGroup;
			children = (
				CDA66110776B42777EEC7029 /* App */,
				D170352ED83B8A1A5C572550 /* Models */,
				94BA7531969D982F251451A4 /* Resources */,
				BA5B087ABAEB1B7EE7BAFBE3 /* Services */,
				07C739879B59C6BF33F8D4A6 /* Utilities */,
				C569DF8500DE91CBE468EB69 /* ViewModels */,
				8EFC4EA6E7044BD362BBE784 /* Views */,
			);
			path = GlobalNotes;
			sourceTree = "<group>";
		};
		8EFC4EA6E7044BD362BBE784 /* Views */ = {
			isa = PBXGroup;
			children = (
				3812462658DEE13703C620CC /* AI */,
				9236EB63C62D5F036A8C7CBD /* Auth */,
				56E8D13E827D5A5AFF021C3D /* CodeWorkspace */,
				5BF02FEAF423CC1B565D421A /* Components */,
				362B06900BE0CEFDE39E2C82 /* Folders */,
				4ABB50FC584E98FF28974556 /* Notes */,
				DCC383A0F90F830612572625 /* Profile */,
				11FA870BBAE2FB482ED7F5DC /* Settings */,
				9100B3BB97D675084B17A668 /* Tools */,
			);
			path = Views;
			sourceTree = "<group>";
		};
		9236EB63C62D5F036A8C7CBD /* Auth */ = {
			isa = PBXGroup;
			children = (
				B08C09D5AA1588C89FEEB2F5 /* LoginView.swift */,
			);
			path = Auth;
			sourceTree = "<group>";
		};
		94BA7531969D982F251451A4 /* Resources */ = {
			isa = PBXGroup;
			children = (
				79F4510BD1BA41B3ACE23D56 /* Assets.xcassets */,
				AABB00112233445566778800 /* Config.plist */,
				8B814D8F98A38E7F9EF130CB /* Info.plist */,
			);
			path = Resources;
			sourceTree = "<group>";
		};
		AADDDE9D85C7AF3E86422068 /* Products */ = {
			isa = PBXGroup;
			children = (
				A70D3BB72F9CD8D65565FF89 /* GlobalNotes.app */,
				T00000000000000000000021 /* GlobalNotesTests.xctest */,
			);
			name = Products;
			sourceTree = "<group>";
		};
		BA5B087ABAEB1B7EE7BAFBE3 /* Services */ = {
			isa = PBXGroup;
			children = (
				AA1A31D0382A4B4EC0764B7B /* AttachmentService.swift */,
				4D697CB58FC73EB731CCCB1A /* AudioRecorderService.swift */,
				4FDAB2535B4372F77492A92E /* AuthService.swift */,
				F577BA3E78D73FB6D70F27F2 /* ExportService.swift */,
				810465B95DACDDE925657D62 /* FolderService.swift */,
				8566AC9CBE07C8984205CE41 /* GeminiService.swift */,
				BC8B529A0A218F901F85E850 /* HTMLConverter.swift */,
				87A748632D16E20C6F4A2D37 /* NoteService.swift */,
				6C0D346C4374A326401CC0A5 /* SupabaseManager.swift */,
				EB1FC22C4897FAAE8EC97821 /* SyncEngine.swift */,
			);
			path = Services;
			sourceTree = "<group>";
		};
		C569DF8500DE91CBE468EB69 /* ViewModels */ = {
			isa = PBXGroup;
			children = (
				902DC556D14D0FCC307A1076 /* AuthViewModel.swift */,
				CBD414DA9C325E6EE5BEC948 /* CalendarViewModel.swift */,
				62F23089EC41E9081342D919 /* CodeWorkspaceViewModel.swift */,
				B1C6FFC3FB0C8283E17A0CBA /* FoldersViewModel.swift */,
				C0C04EBCAD437E02EFD1D647 /* NoteEditorViewModel.swift */,
				00D405D4B57564D0A44403D5 /* NotesListViewModel.swift */,
				A919A683C12796AC26248837 /* MailGeneratorViewModel.swift */,
				02344520259BD6AF8DE2BB16 /* ProfileViewModel.swift */,
			);
			path = ViewModels;
			sourceTree = "<group>";
		};
		CDA66110776B42777EEC7029 /* App */ = {
			isa = PBXGroup;
			children = (
				1C8667C615A5DB1729C201AF /* ContentView.swift */,
				9CF7C93D627648DC7C5ADEF0 /* GlobalNotesApp.swift */,
			);
			path = App;
			sourceTree = "<group>";
		};
		D170352ED83B8A1A5C572550 /* Models */ = {
			isa = PBXGroup;
			children = (
				106FD384DA8F489CB51CB303 /* ChatMessage.swift */,
				4161F865C315D4036A4CF4B7 /* CodeSnippet.swift */,
				4E442C1113D5B6BF0D9C6E66 /* Folder.swift */,
				3271194C2AF9AAD9BEE1CF2A /* Note.swift */,
				C2DEEF47B506C0B22508938C /* UserProfile.swift */,
			);
			path = Models;
			sourceTree = "<group>";
		};
		56E8D13E827D5A5AFF021C3D /* CodeWorkspace */ = {
			isa = PBXGroup;
			children = (
				08BCB858A99BCECC56BB9E86 /* CodeAIAssistantView.swift */,
				B9E26D07C59C6454F676A3D6 /* CodeWorkspaceView.swift */,
				4D572FB2598E9838A8547EB3 /* SyntaxHighlighter.swift */,
			);
			path = CodeWorkspace;
			sourceTree = "<group>";
		};
		9100B3BB97D675084B17A668 /* Tools */ = {
			isa = PBXGroup;
			children = (
				BF74F3C9EF5A8A71A110FDA7 /* AudioRecorderView.swift */,
				76005B6944429AEC3F9A79A6 /* MailGeneratorView.swift */,
				0FA1F7D271D0D05DA42E61D5 /* SketchPadView.swift */,
				78EB81EC18FAB37B46E734C2 /* SmartCalendarView.swift */,
			);
			path = Tools;
			sourceTree = "<group>";
		};
		DCC383A0F90F830612572625 /* Profile */ = {
			isa = PBXGroup;
			children = (
				0C11692D7E5CBC2E025C539B /* ProfileView.swift */,
			);
			path = Profile;
			sourceTree = "<group>";
		};
		T00000000000000000000020 /* GlobalNotesTests */ = {
			isa = PBXGroup;
			children = (
				T00000000000000000000003 /* AppThemeTests.swift */,
				T00000000000000000000001 /* AttachmentServiceTests.swift */,
				T00000000000000000000002 /* AudioRecorderServiceTests.swift */,
				T00000000000000000000005 /* CalendarViewModelTests.swift */,
				T00000000000000000000007 /* ChatMessageTests.swift */,
				T0000000000000000000000A /* CodeWorkspaceViewModelTests.swift */,
				T00000000000000000000004 /* LanguageMapTests.swift */,
				T00000000000000000000006 /* MailGeneratorViewModelTests.swift */,
				T00000000000000000000009 /* SlashCommandTests.swift */,
				T00000000000000000000008 /* SyntaxHighlighterTests.swift */,
				T0000000000000000000000B /* ViewInstantiationTests.swift */,
			);
			path = GlobalNotesTests;
			sourceTree = "<group>";
		};
/* End PBXGroup section */

/* Begin PBXNativeTarget section */
		AA9C4C70A2A467B6FD422160 /* GlobalNotes */ = {
			isa = PBXNativeTarget;
			buildConfigurationList = F4A586B214C3F016C4F2928A /* Build configuration list for PBXNativeTarget "GlobalNotes" */;
			buildPhases = (
				CB6A5DB87FBB65C878E5901D /* Sources */,
				F482C26B52CA33FB45395CD7 /* Resources */,
				36DFD5DF54924AA4628BD53D /* Frameworks */,
			);
			buildRules = (
			);
			dependencies = (
			);
			name = GlobalNotes;
			packageProductDependencies = (
				051B23CC740CC565B901F927 /* Supabase */,
			);
			productName = GlobalNotes;
			productReference = A70D3BB72F9CD8D65565FF89 /* GlobalNotes.app */;
			productType = "com.apple.product-type.application";
		};
		T00000000000000000000022 /* GlobalNotesTests */ = {
			isa = PBXNativeTarget;
			buildConfigurationList = T00000000000000000000025 /* Build configuration list for PBXNativeTarget "GlobalNotesTests" */;
			buildPhases = (
				T00000000000000000000023 /* Sources */,
				T00000000000000000000024 /* Frameworks */,
			);
			buildRules = (
			);
			dependencies = (
				T00000000000000000000028 /* PBXTargetDependency */,
			);
			name = GlobalNotesTests;
			productName = GlobalNotesTests;
			productReference = T00000000000000000000021 /* GlobalNotesTests.xctest */;
			productType = "com.apple.product-type.bundle.unit-test";
		};
/* End PBXNativeTarget section */

/* Begin PBXProject section */
		B2B436195B5A3028591B1588 /* Project object */ = {
			isa = PBXProject;
			attributes = {
				BuildIndependentTargetsInParallel = YES;
				LastUpgradeCheck = 1600;
				TargetAttributes = {
					AA9C4C70A2A467B6FD422160 = {
						DevelopmentTeam = "";
						ProvisioningStyle = Automatic;
					};
					T00000000000000000000022 = {
						DevelopmentTeam = "";
						ProvisioningStyle = Automatic;
						TestTargetID = AA9C4C70A2A467B6FD422160;
					};
				};
			};
			buildConfigurationList = CA07BA5B5788F578E7D02D3C /* Build configuration list for PBXProject "GlobalNotes" */;
			developmentRegion = en;
			hasScannedForEncodings = 0;
			knownRegions = (
				Base,
				en,
			);
			mainGroup = 60AD2CD5A7DBDFF863B32B55;
			minimizedProjectReferenceProxies = 1;
			packageReferences = (
				B9EBAD4FB683539833FBF0BF /* XCRemoteSwiftPackageReference "supabase-swift" */,
			);
			preferredProjectObjectVersion = 77;
			productRefGroup = AADDDE9D85C7AF3E86422068 /* Products */;
			projectDirPath = "";
			projectRoot = "";
			targets = (
				AA9C4C70A2A467B6FD422160 /* GlobalNotes */,
				T00000000000000000000022 /* GlobalNotesTests */,
			);
		};
/* End PBXProject section */

/* Begin PBXResourcesBuildPhase section */
		F482C26B52CA33FB45395CD7 /* Resources */ = {
			isa = PBXResourcesBuildPhase;
			buildActionMask = 2147483647;
			files = (
				B4B5BB958F3B4BF86E4DC658 /* Assets.xcassets in Resources */,
				AABB00112233445566778899 /* Config.plist in Resources */,
			);
			runOnlyForDeploymentPostprocessing = 0;
		};
/* End PBXResourcesBuildPhase section */

/* Begin PBXSourcesBuildPhase section */
		CB6A5DB87FBB65C878E5901D /* Sources */ = {
			isa = PBXSourcesBuildPhase;
			buildActionMask = 2147483647;
			files = (
				5D67EBFE6272B94B0A802236 /* AIAssistantView.swift in Sources */,
				34CCBD4349D23CB8302B31A2 /* AppThemeView.swift in Sources */,
				B3EE344EB709CC8453743B2C /* AppTheme.swift in Sources */,
				3E28F72BECB813AFF19D538F /* AttachmentService.swift in Sources */,
				6BA339B6E533E009D4281EE0 /* AudioRecorderView.swift in Sources */,
				64DA2DBF3B960A099663183E /* AudioRecorderService.swift in Sources */,
				A9CEF278AFA75A4C9701843C /* AuthService.swift in Sources */,
				2C5A216843343AEE594A3341 /* AuthViewModel.swift in Sources */,
				49510CC9A319CE00F75A1973 /* CalendarViewModel.swift in Sources */,
				302BB5F97353C4BD25ED957E /* ChatMessage.swift in Sources */,
				81870A805835BF07238943A0 /* CodeAIAssistantView.swift in Sources */,
				3A02E76EA86B7DA4D9467212 /* CodeSnippet.swift in Sources */,
				1874DC237DF9208082F9F4EC /* CodeWorkspaceView.swift in Sources */,
				04870BE6A68E5ABF9FD5833A /* CodeWorkspaceViewModel.swift in Sources */,
				D17BACA10BD340885C3ECE3F /* Constants.swift in Sources */,
				CEEBDFA5CB4DEAE38935B1A3 /* ContentView.swift in Sources */,
				D1234995970520A2871EDE53 /* CustomTagCreatorView.swift in Sources */,
				A2BAE7A1BCB630AEDBC9B999 /* ExportService.swift in Sources */,
				6A830F8B4EBC7A945C228969 /* Extensions.swift in Sources */,
				75CC294BB873A871D63B3B9B /* FilePickerView.swift in Sources */,
				8CEFBFB26B89DE9B8D7BDA2A /* Folder.swift in Sources */,
				D6B348CD26E75B30C226D564 /* FolderRowView.swift in Sources */,
				33F15DDC2BD7946E8EEA4070 /* FolderService.swift in Sources */,
				B84DC501F9E7B38C97D38A90 /* FoldersSidebarView.swift in Sources */,
				C44525FF30012A9F9E5389BE /* FoldersViewModel.swift in Sources */,
				75E7CC586DF3A68AF682BE7F /* FormattingToolbar.swift in Sources */,
				12CF08E480ED41F58CDCBCF6 /* GeminiService.swift in Sources */,
				6BBB60CCC83FCD4C9CD3CA92 /* GlobalNotesApp.swift in Sources */,
				AA38E0CBC1416A589276BFFB /* HTMLConverter.swift in Sources */,
				FBFDC920D88B9AFD4E500052 /* HapticManager.swift in Sources */,
				A1B2C3D4E5F60718 /* NetworkMonitor.swift in Sources */,
				EF42982E7EBBE95DC6040FEF /* LanguageMap.swift in Sources */,
				F0214A41303B62088BCDE0A8 /* LoginView.swift in Sources */,
				7ABE07177F247A8489030CDB /* MailGeneratorView.swift in Sources */,
				B2F65F9AF6C0C16A5435A6EF /* MailGeneratorViewModel.swift in Sources */,
				8D039183F7C873F4049D6B09 /* MainAppView.swift in Sources */,
				FE25D7B382FB4EA4A3227954 /* MediaPickerView.swift in Sources */,
				BC83F33F278D591244C70E2F /* Note.swift in Sources */,
				FF97916DB33F47C1566C650B /* NoteEditorView.swift in Sources */,
				18C56094D76E7FA238BD2092 /* NoteEditorViewModel.swift in Sources */,
				EBF7C1CA96F3317605FC8B3B /* NoteRowView.swift in Sources */,
				52034480556ECAF0BC41CEFA /* NoteService.swift in Sources */,
				E9EE58F64265AE0A44961BFC /* NotesListView.swift in Sources */,
				B7FD81042701D6E7CDEAA499 /* NotesListViewModel.swift in Sources */,
				0273B63DA03CB27540882FA8 /* ProfileView.swift in Sources */,
				DA1BEA5F3D35A03AA99D7414 /* ProfileViewModel.swift in Sources */,
				1C923B20639CE7BACA85204B /* RichTextEditor.swift in Sources */,
				AD22F9C68ADCBD8153A34555 /* SettingsView.swift in Sources */,
				CF1A223D80D62A521C8ABD8A /* ShareNoteView.swift in Sources */,
				AAF496A9ECF1E712BA6D8B4F /* ShapesPickerView.swift in Sources */,
				A5D07183A32EADD2E9D7A1F8 /* SketchPadView.swift in Sources */,
				9E6F8B03FEDDA0EAAEC81CBF /* SlashCommandMenu.swift in Sources */,
				2D8C2FF3787D46F941A1D13B /* SmartCalendarView.swift in Sources */,
				150D1CD1057464A82FA62615 /* SupabaseManager.swift in Sources */,
				488A111958E1785D481AF54B /* SyncEngine.swift in Sources */,
				F4CFD77B812E18427B2E4B19 /* SyntaxHighlighter.swift in Sources */,
				3D4DABF85655452724D9C518 /* TableInsertionView.swift in Sources */,
				2D8EACC6A0E7EB62701DD131 /* TagInputView.swift in Sources */,
				9B9D58FDD309AECBD380742F /* ThemePicker.swift in Sources */,
				230B3F0AD4DD5EF8FF1A5A2C /* UserProfile.swift in Sources */,
			);
			runOnlyForDeploymentPostprocessing = 0;
		};
		T00000000000000000000023 /* Sources */ = {
			isa = PBXSourcesBuildPhase;
			buildActionMask = 2147483647;
			files = (
				T00000000000000000000011 /* AttachmentServiceTests.swift in Sources */,
				T00000000000000000000012 /* AudioRecorderServiceTests.swift in Sources */,
				T00000000000000000000013 /* AppThemeTests.swift in Sources */,
				T00000000000000000000014 /* LanguageMapTests.swift in Sources */,
				T00000000000000000000015 /* CalendarViewModelTests.swift in Sources */,
				T00000000000000000000016 /* MailGeneratorViewModelTests.swift in Sources */,
				T00000000000000000000017 /* ChatMessageTests.swift in Sources */,
				T00000000000000000000018 /* SyntaxHighlighterTests.swift in Sources */,
				T00000000000000000000019 /* SlashCommandTests.swift in Sources */,
				T0000000000000000000001A /* CodeWorkspaceViewModelTests.swift in Sources */,
				T0000000000000000000001B /* ViewInstantiationTests.swift in Sources */,
			);
			runOnlyForDeploymentPostprocessing = 0;
		};
/* End PBXSourcesBuildPhase section */

/* Begin PBXTargetDependency section */
		T00000000000000000000028 /* PBXTargetDependency */ = {
			isa = PBXTargetDependency;
			target = AA9C4C70A2A467B6FD422160 /* GlobalNotes */;
			targetProxy = T00000000000000000000029 /* PBXContainerItemProxy */;
		};
/* End PBXTargetDependency section */

/* Begin XCBuildConfiguration section */
		395D77292166D6CF9BD56222 /* Release */ = {
			isa = XCBuildConfiguration;
			buildSettings = {
				ALWAYS_SEARCH_USER_PATHS = NO;
				CLANG_ANALYZER_NONNULL = YES;
				CLANG_ANALYZER_NUMBER_OBJECT_CONVERSION = YES_AGGRESSIVE;
				CLANG_CXX_LANGUAGE_STANDARD = "gnu++14";
				CLANG_CXX_LIBRARY = "libc++";
				CLANG_ENABLE_MODULES = YES;
				CLANG_ENABLE_OBJC_ARC = YES;
				CLANG_ENABLE_OBJC_WEAK = YES;
				CLANG_WARN_BLOCK_CAPTURE_AUTORELEASING = YES;
				CLANG_WARN_BOOL_CONVERSION = YES;
				CLANG_WARN_COMMA = YES;
				CLANG_WARN_CONSTANT_CONVERSION = YES;
				CLANG_WARN_DEPRECATED_OBJC_IMPLEMENTATIONS = YES;
				CLANG_WARN_DIRECT_OBJC_ISA_USAGE = YES_ERROR;
				CLANG_WARN_DOCUMENTATION_COMMENTS = YES;
				CLANG_WARN_EMPTY_BODY = YES;
				CLANG_WARN_ENUM_CONVERSION = YES;
				CLANG_WARN_INFINITE_RECURSION = YES;
				CLANG_WARN_INT_CONVERSION = YES;
				CLANG_WARN_NON_LITERAL_NULL_CONVERSION = YES;
				CLANG_WARN_OBJC_IMPLICIT_RETAIN_SELF = YES;
				CLANG_WARN_OBJC_LITERAL_CONVERSION = YES;
				CLANG_WARN_OBJC_ROOT_CLASS = YES_ERROR;
				CLANG_WARN_QUOTED_INCLUDE_IN_FRAMEWORK_HEADER = YES;
				CLANG_WARN_RANGE_LOOP_ANALYSIS = YES;
				CLANG_WARN_STRICT_PROTOTYPES = YES;
				CLANG_WARN_SUSPICIOUS_MOVE = YES;
				CLANG_WARN_UNGUARDED_AVAILABILITY = YES_AGGRESSIVE;
				CLANG_WARN_UNREACHABLE_CODE = YES;
				CLANG_WARN__DUPLICATE_METHOD_MATCH = YES;
				COPY_PHASE_STRIP = NO;
				DEBUG_INFORMATION_FORMAT = "dwarf-with-dsym";
				ENABLE_NS_ASSERTIONS = NO;
				ENABLE_STRICT_OBJC_MSGSEND = YES;
				GCC_C_LANGUAGE_STANDARD = gnu11;
				GCC_NO_COMMON_BLOCKS = YES;
				GCC_WARN_64_TO_32_BIT_CONVERSION = YES;
				GCC_WARN_ABOUT_RETURN_TYPE = YES_ERROR;
				GCC_WARN_UNDECLARED_SELECTOR = YES;
				GCC_WARN_UNINITIALIZED_AUTOS = YES_AGGRESSIVE;
				GCC_WARN_UNUSED_FUNCTION = YES;
				GCC_WARN_UNUSED_VARIABLE = YES;
				INFOPLIST_KEY_UIApplicationSceneManifest_Generation = YES;
				INFOPLIST_KEY_UILaunchScreen_Generation = YES;
				INFOPLIST_KEY_UISupportedInterfaceOrientations_iPad = "UIInterfaceOrientationPortrait UIInterfaceOrientationPortraitUpsideDown UIInterfaceOrientationLandscapeLeft UIInterfaceOrientationLandscapeRight";
				INFOPLIST_KEY_UISupportedInterfaceOrientations_iPhone = "UIInterfaceOrientationPortrait UIInterfaceOrientationLandscapeLeft UIInterfaceOrientationLandscapeRight";
				IPHONEOS_DEPLOYMENT_TARGET = 17.0;
				MTL_ENABLE_DEBUG_INFO = NO;
				MTL_FAST_MATH = YES;
				PRODUCT_NAME = "$(TARGET_NAME)";
				SDKROOT = iphoneos;
				SWIFT_COMPILATION_MODE = wholemodule;
				SWIFT_OPTIMIZATION_LEVEL = "-O";
				SWIFT_VERSION = 5.0;
				TARGETED_DEVICE_FAMILY = "1,2";
			};
			name = Release;
		};
		76EEECBC79AAED4E43B3B85B /* Debug */ = {
			isa = XCBuildConfiguration;
			buildSettings = {
				ASSETCATALOG_COMPILER_APPICON_NAME = AppIcon;
				ASSETCATALOG_COMPILER_GLOBAL_ACCENT_COLOR_NAME = AccentColor;
				CODE_SIGN_IDENTITY = "iPhone Developer";
				CODE_SIGN_STYLE = Automatic;
				CURRENT_PROJECT_VERSION = 1;
				DEVELOPMENT_TEAM = "";
				INFOPLIST_FILE = GlobalNotes/Resources/Info.plist;
				LD_RUNPATH_SEARCH_PATHS = (
					"$(inherited)",
					"@executable_path/Frameworks",
				);
				MARKETING_VERSION = 1.0.0;
				PRODUCT_BUNDLE_IDENTIFIER = com.codersogs.GlobalNotes;
				PRODUCT_NAME = "Global Notes";
				SDKROOT = iphoneos;
				SWIFT_STRICT_CONCURRENCY = targeted;
				TARGETED_DEVICE_FAMILY = "1,2";
			};
			name = Debug;
		};
		8158B86AA357A93E3B1DE324 /* Release */ = {
			isa = XCBuildConfiguration;
			buildSettings = {
				ASSETCATALOG_COMPILER_APPICON_NAME = AppIcon;
				ASSETCATALOG_COMPILER_GLOBAL_ACCENT_COLOR_NAME = AccentColor;
				CODE_SIGN_IDENTITY = "iPhone Developer";
				CODE_SIGN_STYLE = Automatic;
				CURRENT_PROJECT_VERSION = 1;
				DEVELOPMENT_TEAM = "";
				INFOPLIST_FILE = GlobalNotes/Resources/Info.plist;
				LD_RUNPATH_SEARCH_PATHS = (
					"$(inherited)",
					"@executable_path/Frameworks",
				);
				MARKETING_VERSION = 1.0.0;
				PRODUCT_BUNDLE_IDENTIFIER = com.codersogs.GlobalNotes;
				PRODUCT_NAME = "Global Notes";
				SDKROOT = iphoneos;
				SWIFT_STRICT_CONCURRENCY = targeted;
				TARGETED_DEVICE_FAMILY = "1,2";
			};
			name = Release;
		};
		EC3B1A0AAF120CCBD705C52E /* Debug */ = {
			isa = XCBuildConfiguration;
			buildSettings = {
				ALWAYS_SEARCH_USER_PATHS = NO;
				CLANG_ANALYZER_NONNULL = YES;
				CLANG_ANALYZER_NUMBER_OBJECT_CONVERSION = YES_AGGRESSIVE;
				CLANG_CXX_LANGUAGE_STANDARD = "gnu++14";
				CLANG_CXX_LIBRARY = "libc++";
				CLANG_ENABLE_MODULES = YES;
				CLANG_ENABLE_OBJC_ARC = YES;
				CLANG_ENABLE_OBJC_WEAK = YES;
				CLANG_WARN_BLOCK_CAPTURE_AUTORELEASING = YES;
				CLANG_WARN_BOOL_CONVERSION = YES;
				CLANG_WARN_COMMA = YES;
				CLANG_WARN_CONSTANT_CONVERSION = YES;
				CLANG_WARN_DEPRECATED_OBJC_IMPLEMENTATIONS = YES;
				CLANG_WARN_DIRECT_OBJC_ISA_USAGE = YES_ERROR;
				CLANG_WARN_DOCUMENTATION_COMMENTS = YES;
				CLANG_WARN_EMPTY_BODY = YES;
				CLANG_WARN_ENUM_CONVERSION = YES;
				CLANG_WARN_INFINITE_RECURSION = YES;
				CLANG_WARN_INT_CONVERSION = YES;
				CLANG_WARN_NON_LITERAL_NULL_CONVERSION = YES;
				CLANG_WARN_OBJC_IMPLICIT_RETAIN_SELF = YES;
				CLANG_WARN_OBJC_LITERAL_CONVERSION = YES;
				CLANG_WARN_OBJC_ROOT_CLASS = YES_ERROR;
				CLANG_WARN_QUOTED_INCLUDE_IN_FRAMEWORK_HEADER = YES;
				CLANG_WARN_RANGE_LOOP_ANALYSIS = YES;
				CLANG_WARN_STRICT_PROTOTYPES = YES;
				CLANG_WARN_SUSPICIOUS_MOVE = YES;
				CLANG_WARN_UNGUARDED_AVAILABILITY = YES_AGGRESSIVE;
				CLANG_WARN_UNREACHABLE_CODE = YES;
				CLANG_WARN__DUPLICATE_METHOD_MATCH = YES;
				COPY_PHASE_STRIP = NO;
				DEBUG_INFORMATION_FORMAT = dwarf;
				ENABLE_STRICT_OBJC_MSGSEND = YES;
				ENABLE_TESTABILITY = YES;
				GCC_C_LANGUAGE_STANDARD = gnu11;
				GCC_DYNAMIC_NO_PIC = NO;
				GCC_NO_COMMON_BLOCKS = YES;
				GCC_OPTIMIZATION_LEVEL = 0;
				GCC_PREPROCESSOR_DEFINITIONS = (
					"$(inherited)",
					"DEBUG=1",
				);
				GCC_WARN_64_TO_32_BIT_CONVERSION = YES;
				GCC_WARN_ABOUT_RETURN_TYPE = YES_ERROR;
				GCC_WARN_UNDECLARED_SELECTOR = YES;
				GCC_WARN_UNINITIALIZED_AUTOS = YES_AGGRESSIVE;
				GCC_WARN_UNUSED_FUNCTION = YES;
				GCC_WARN_UNUSED_VARIABLE = YES;
				INFOPLIST_KEY_UIApplicationSceneManifest_Generation = YES;
				INFOPLIST_KEY_UILaunchScreen_Generation = YES;
				INFOPLIST_KEY_UISupportedInterfaceOrientations_iPad = "UIInterfaceOrientationPortrait UIInterfaceOrientationPortraitUpsideDown UIInterfaceOrientationLandscapeLeft UIInterfaceOrientationLandscapeRight";
				INFOPLIST_KEY_UISupportedInterfaceOrientations_iPhone = "UIInterfaceOrientationPortrait UIInterfaceOrientationLandscapeLeft UIInterfaceOrientationLandscapeRight";
				IPHONEOS_DEPLOYMENT_TARGET = 17.0;
				MTL_ENABLE_DEBUG_INFO = INCLUDE_SOURCE;
				MTL_FAST_MATH = YES;
				ONLY_ACTIVE_ARCH = YES;
				PRODUCT_NAME = "$(TARGET_NAME)";
				SDKROOT = iphoneos;
				SWIFT_ACTIVE_COMPILATION_CONDITIONS = DEBUG;
				SWIFT_OPTIMIZATION_LEVEL = "-Onone";
				SWIFT_VERSION = 5.0;
				TARGETED_DEVICE_FAMILY = "1,2";
			};
			name = Debug;
		};
		T00000000000000000000026 /* Debug */ = {
			isa = XCBuildConfiguration;
			buildSettings = {
				BUNDLE_LOADER = "$(TEST_HOST)";
				CODE_SIGN_STYLE = Automatic;
				CURRENT_PROJECT_VERSION = 1;
				DEVELOPMENT_TEAM = "";
				GENERATE_INFOPLIST_FILE = YES;
				IPHONEOS_DEPLOYMENT_TARGET = 17.0;
				MARKETING_VERSION = 1.0;
				PRODUCT_BUNDLE_IDENTIFIER = com.codersogs.GlobalNotesTests;
				PRODUCT_NAME = "$(TARGET_NAME)";
				SDKROOT = iphoneos;
				SWIFT_VERSION = 5.0;
				TARGETED_DEVICE_FAMILY = "1,2";
				TEST_HOST = "$(BUILT_PRODUCTS_DIR)/Global Notes.app/Global Notes";
			};
			name = Debug;
		};
		T00000000000000000000027 /* Release */ = {
			isa = XCBuildConfiguration;
			buildSettings = {
				BUNDLE_LOADER = "$(TEST_HOST)";
				CODE_SIGN_STYLE = Automatic;
				CURRENT_PROJECT_VERSION = 1;
				DEVELOPMENT_TEAM = "";
				GENERATE_INFOPLIST_FILE = YES;
				IPHONEOS_DEPLOYMENT_TARGET = 17.0;
				MARKETING_VERSION = 1.0;
				PRODUCT_BUNDLE_IDENTIFIER = com.codersogs.GlobalNotesTests;
				PRODUCT_NAME = "$(TARGET_NAME)";
				SDKROOT = iphoneos;
				SWIFT_VERSION = 5.0;
				TARGETED_DEVICE_FAMILY = "1,2";
				TEST_HOST = "$(BUILT_PRODUCTS_DIR)/Global Notes.app/Global Notes";
			};
			name = Release;
		};
/* End XCBuildConfiguration section */

/* Begin XCConfigurationList section */
		CA07BA5B5788F578E7D02D3C /* Build configuration list for PBXProject "GlobalNotes" */ = {
			isa = XCConfigurationList;
			buildConfigurations = (
				EC3B1A0AAF120CCBD705C52E /* Debug */,
				395D77292166D6CF9BD56222 /* Release */,
			);
			defaultConfigurationIsVisible = 0;
			defaultConfigurationName = Debug;
		};
		F4A586B214C3F016C4F2928A /* Build configuration list for PBXNativeTarget "GlobalNotes" */ = {
			isa = XCConfigurationList;
			buildConfigurations = (
				76EEECBC79AAED4E43B3B85B /* Debug */,
				8158B86AA357A93E3B1DE324 /* Release */,
			);
			defaultConfigurationIsVisible = 0;
			defaultConfigurationName = Debug;
		};
		T00000000000000000000025 /* Build configuration list for PBXNativeTarget "GlobalNotesTests" */ = {
			isa = XCConfigurationList;
			buildConfigurations = (
				T00000000000000000000026 /* Debug */,
				T00000000000000000000027 /* Release */,
			);
			defaultConfigurationIsVisible = 0;
			defaultConfigurationName = Debug;
		};
/* End XCConfigurationList section */

/* Begin XCRemoteSwiftPackageReference section */
		B9EBAD4FB683539833FBF0BF /* XCRemoteSwiftPackageReference "supabase-swift" */ = {
			isa = XCRemoteSwiftPackageReference;
			repositoryURL = "https://github.com/supabase/supabase-swift.git";
			requirement = {
				kind = upToNextMajorVersion;
				minimumVersion = 2.0.0;
			};
		};
/* End XCRemoteSwiftPackageReference section */

/* Begin XCSwiftPackageProductDependency section */
		051B23CC740CC565B901F927 /* Supabase */ = {
			isa = XCSwiftPackageProductDependency;
			package = B9EBAD4FB683539833FBF0BF /* XCRemoteSwiftPackageReference "supabase-swift" */;
			productName = Supabase;
		};
/* End XCSwiftPackageProductDependency section */
	};
	rootObject = B2B436195B5A3028591B1588 /* Project object */;
}
